
Microsoft Visual Studio Solution File, Format Version 12.00
# Visual Studio Version 17
VisualStudioVersion = 17.11.35312.102
MinimumVisualStudioVersion = 10.0.40219.1
Project("{FAE04EC0-301F-11D3-BF4B-00C04F79EFBC}") = "CrudWithBootStrap", "CrudWithBootStrap\CrudWithBootStrap.csproj", "{0E47A6DA-E80E-4F77-A78E-2686B442EBB7}"
EndProject
Global
	GlobalSection(SolutionConfigurationPlatforms) = preSolution
		Debug|Any CPU = Debug|Any CPU
		Release|Any CPU = Release|Any CPU
	EndGlobalSection
	GlobalSection(ProjectConfigurationPlatforms) = postSolution
		{0E47A6DA-E80E-4F77-A78E-2686B442EBB7}.Debug|Any CPU.ActiveCfg = Debug|Any CPU
		{0E47A6DA-E80E-4F77-A78E-2686B442EBB7}.Debug|Any CPU.Build.0 = Debug|Any CPU
		{0E47A6DA-E80E-4F77-A78E-2686B442EBB7}.Release|Any CPU.ActiveCfg = Release|Any CPU
		{0E47A6DA-E80E-4F77-A78E-2686B442EBB7}.Release|Any CPU.Build.0 = Release|Any CPU
	EndGlobalSection
	GlobalSection(SolutionProperties) = preSolution
		HideSolutionNode = FALSE
	EndGlobalSection
	GlobalSection(ExtensibilityGlobals) = postSolution
		SolutionGuid = {74FED5B9-FC5F-48CE-B077-8D3ABE014131}
	EndGlobalSection
EndGlobal
